{
  "version": 4,
  "terraform_version": "1.15.7",
  "serial": 18,
  "lineage": "315f7c15-5c85-09d7-d9ca-9c2654a299e3",
  "outputs": {
    "ips_publicas": {
      "value": [
        "23.20.250.59",
        "54.172.91.40"
      ],
      "type": [
        "tuple",
        [
          "string",
          "string"
        ]
      ]
    },
    "url_balanceador": {
      "value": "app-tareas-alb-1264363029.us-east-1.elb.amazonaws.com",
      "type": "string"
    }
  },
  "resources": [
    {
      "mode": "data",
      "type": "aws_subnets",
      "name": "subredes_por_defecto",
      "provider": "provider[\"registry.terraform.io/hashicorp/aws\"]",
      "instances": [
        {
          "schema_version": 0,
          "attributes": {
            "filter": [
              {
                "name": "vpc-id",
                "values": [
                  "vpc-069a41ef3675a8daa"
                ]
              }
            ],
            "id": "us-east-1",
            "ids": [
              "subnet-03ef1978cb09fb875",
              "subnet-00f711fffbe747210",
              "subnet-0063ca44833d97d62",
              "subnet-08f8b3b738e0e9c17",
              "subnet-027ec2c9045d84ff5",
              "subnet-0b2218578938c3653"
            ],
            "region": "us-east-1",
            "tags": null,
            "timeouts": null
          },
          "sensitive_attributes": [],
          "identity_schema_version": 0
        }
      ]
    },
    {
      "mode": "data",
      "type": "aws_vpc",
      "name": "red_por_defecto",
      "provider": "provider[\"registry.terraform.io/hashicorp/aws\"]",
      "instances": [
        {
          "schema_version": 0,
          "attributes": {
            "arn": "arn:aws:ec2:us-east-1:381352981117:vpc/vpc-069a41ef3675a8daa",
            "cidr_block": "172.31.0.0/16",
            "cidr_block_associations": [
              {
                "association_id": "vpc-cidr-assoc-03329df369110ccff",
                "cidr_block": "172.31.0.0/16",
                "state": "associated"
              }
            ],
            "default": true,
            "dhcp_options_id": "dopt-09f87f36202d0d72b",
            "enable_dns_hostnames": true,
            "enable_dns_support": true,
            "enable_network_address_usage_metrics": false,
            "filter": null,
            "id": "vpc-069a41ef3675a8daa",
            "instance_tenancy": "default",
            "ipv6_association_id": "",
            "ipv6_cidr_block": "",
            "main_route_table_id": "rtb-00f32d8809128bb32",
            "owner_id": "381352981117",
            "region": "us-east-1",
            "state": null,
            "tags": {},
            "timeouts": null
          },
          "sensitive_attributes": [],
          "identity_schema_version": 0
        }
      ]
    },
    {
      "mode": "managed",
      "type": "aws_instance",
      "name": "mis_servidores",
      "provider": "provider[\"registry.terraform.io/hashicorp/aws\"]",
      "instances": [
        {
          "index_key": 0,
          "schema_version": 2,
          "attributes": {
            "ami": "ami-0c7217cdde317cfec",
            "arn": "arn:aws:ec2:us-east-1:381352981117:instance/i-0f5513772884bca42",
            "associate_public_ip_address": true,
            "availability_zone": "us-east-1d",
            "capacity_reservation_specification": [
              {
                "capacity_reservation_preference": "open",
                "capacity_reservation_target": []
              }
            ],
            "cpu_options": [
              {
                "amd_sev_snp": "",
                "core_count": 1,
                "nested_virtualization": "",
                "threads_per_core": 2
              }
            ],
            "credit_specification": [
              {
                "cpu_credits": "unlimited"
              }
            ],
            "disable_api_stop": false,
            "disable_api_termination": false,
            "ebs_block_device": [],
            "ebs_optimized": false,
            "enable_primary_ipv6": null,
            "enclave_options": [
              {
                "enabled": false
              }
            ],
            "ephemeral_block_device": [],
            "force_destroy": false,
            "get_password_data": false,
            "hibernation": false,
            "host_id": "",
            "host_resource_group_arn": null,
            "iam_instance_profile": "",
            "id": "i-0f5513772884bca42",
            "instance_initiated_shutdown_behavior": "stop",
            "instance_lifecycle": "",
            "instance_market_options": [],
            "instance_state": "running",
            "instance_type": "t3.micro",
            "ipv6_address_count": 0,
            "ipv6_addresses": [],
            "key_name": "llave-app-tareas",
            "launch_template": [],
            "maintenance_options": [
              {
                "auto_recovery": "default"
              }
            ],
            "metadata_options": [
              {
                "http_endpoint": "enabled",
                "http_protocol_ipv6": "disabled",
                "http_put_response_hop_limit": 1,
                "http_tokens": "optional",
                "instance_metadata_tags": "disabled"
              }
            ],
            "monitoring": false,
            "network_interface": [],
            "outpost_arn": "",
            "password_data": "",
            "placement_group": "",
            "placement_group_id": "",
            "placement_partition_number": 0,
            "primary_network_interface": [
              {
                "delete_on_termination": true,
                "network_interface_id": "eni-08d416694a56cc536"
              }
            ],
            "primary_network_interface_id": "eni-08d416694a56cc536",
            "private_dns": "ip-172-31-42-160.ec2.internal",
            "private_dns_name_options": [
              {
                "enable_resource_name_dns_a_record": false,
                "enable_resource_name_dns_aaaa_record": false,
                "hostname_type": "ip-name"
              }
            ],
            "private_ip": "172.31.42.160",
            "public_dns": "ec2-23-20-250-59.compute-1.amazonaws.com",
            "public_ip": "23.20.250.59",
            "region": "us-east-1",
            "root_block_device": [
              {
                "delete_on_termination": true,
                "device_name": "/dev/sda1",
                "encrypted": false,
                "iops": 100,
                "kms_key_id": "",
                "tags": {},
                "tags_all": {},
                "throughput": 0,
                "volume_id": "vol-07465b0aebb0692e5",
                "volume_size": 8,
                "volume_type": "gp2"
              }
            ],
            "secondary_network_interface": [],
            "secondary_private_ips": [],
            "security_groups": [
              "app-tareas-sg"
            ],
            "source_dest_check": true,
            "spot_instance_request_id": "",
            "subnet_id": "subnet-00f711fffbe747210",
            "tags": {
              "Name": "Servidor-App-Tareas-1"
            },
            "tags_all": {
              "Name": "Servidor-App-Tareas-1"
            },
            "tenancy": "default",
            "timeouts": null,
            "user_data": null,
            "user_data_base64": null,
            "user_data_replace_on_change": false,
            "volume_tags": null,
            "vpc_security_group_ids": [
              "sg-0eb3da8efd26ae36a"
            ]
          },
          "sensitive_attributes": [],
          "identity_schema_version": 0,
          "identity": {
            "account_id": "381352981117",
            "id": "i-0f5513772884bca42",
            "region": "us-east-1"
          },
          "private": "eyJlMmJmYjczMC1lY2FhLTExZTYtOGY4OC0zNDM2M2JjN2M0YzAiOnsiY3JlYXRlIjo2MDAwMDAwMDAwMDAsImRlbGV0ZSI6MTIwMDAwMDAwMDAwMCwicmVhZCI6OTAwMDAwMDAwMDAwLCJ1cGRhdGUiOjYwMDAwMDAwMDAwMH0sInNjaGVtYV92ZXJzaW9uIjoiMiJ9",
          "dependencies": [
            "aws_key_pair.llave_aws",
            "aws_security_group.muro_seguridad",
            "tls_private_key.llave_ssh"
          ]
        },
        {
          "index_key": 1,
          "schema_version": 2,
          "attributes": {
            "ami": "ami-0c7217cdde317cfec",
            "arn": "arn:aws:ec2:us-east-1:381352981117:instance/i-021ad2b3cb2636754",
            "associate_public_ip_address": true,
            "availability_zone": "us-east-1d",
            "capacity_reservation_specification": [
              {
                "capacity_reservation_preference": "open",
                "capacity_reservation_target": []
              }
            ],
            "cpu_options": [
              {
                "amd_sev_snp": "",
                "core_count": 1,
                "nested_virtualization": "",
                "threads_per_core": 2
              }
            ],
            "credit_specification": [
              {
                "cpu_credits": "unlimited"
              }
            ],
            "disable_api_stop": false,
            "disable_api_termination": false,
            "ebs_block_device": [],
            "ebs_optimized": false,
            "enable_primary_ipv6": null,
            "enclave_options": [
              {
                "enabled": false
              }
            ],
            "ephemeral_block_device": [],
            "force_destroy": false,
            "get_password_data": false,
            "hibernation": false,
            "host_id": "",
            "host_resource_group_arn": null,
            "iam_instance_profile": "",
            "id": "i-021ad2b3cb2636754",
            "instance_initiated_shutdown_behavior": "stop",
            "instance_lifecycle": "",
            "instance_market_options": [],
            "instance_state": "running",
            "instance_type": "t3.micro",
            "ipv6_address_count": 0,
            "ipv6_addresses": [],
            "key_name": "llave-app-tareas",
            "launch_template": [],
            "maintenance_options": [
              {
                "auto_recovery": "default"
              }
            ],
            "metadata_options": [
              {
                "http_endpoint": "enabled",
                "http_protocol_ipv6": "disabled",
                "http_put_response_hop_limit": 1,
                "http_tokens": "optional",
                "instance_metadata_tags": "disabled"
              }
            ],
            "monitoring": false,
            "network_interface": [],
            "outpost_arn": "",
            "password_data": "",
            "placement_group": "",
            "placement_group_id": "",
            "placement_partition_number": 0,
            "primary_network_interface": [
              {
                "delete_on_termination": true,
                "network_interface_id": "eni-09baa0b0e3999c1cf"
              }
            ],
            "primary_network_interface_id": "eni-09baa0b0e3999c1cf",
            "private_dns": "ip-172-31-39-0.ec2.internal",
            "private_dns_name_options": [
              {
                "enable_resource_name_dns_a_record": false,
                "enable_resource_name_dns_aaaa_record": false,
                "hostname_type": "ip-name"
              }
            ],
            "private_ip": "172.31.39.0",
            "public_dns": "ec2-54-172-91-40.compute-1.amazonaws.com",
            "public_ip": "54.172.91.40",
            "region": "us-east-1",
            "root_block_device": [
              {
                "delete_on_termination": true,
                "device_name": "/dev/sda1",
                "encrypted": false,
                "iops": 100,
                "kms_key_id": "",
                "tags": {},
                "tags_all": {},
                "throughput": 0,
                "volume_id": "vol-00a619002ac0b29b5",
                "volume_size": 8,
                "volume_type": "gp2"
              }
            ],
            "secondary_network_interface": [],
            "secondary_private_ips": [],
            "security_groups": [
              "app-tareas-sg"
            ],
            "source_dest_check": true,
            "spot_instance_request_id": "",
            "subnet_id": "subnet-00f711fffbe747210",
            "tags": {
              "Name": "Servidor-App-Tareas-2"
            },
            "tags_all": {
              "Name": "Servidor-App-Tareas-2"
            },
            "tenancy": "default",
            "timeouts": null,
            "user_data": null,
            "user_data_base64": null,
            "user_data_replace_on_change": false,
            "volume_tags": null,
            "vpc_security_group_ids": [
              "sg-0eb3da8efd26ae36a"
            ]
          },
          "sensitive_attributes": [],
          "identity_schema_version": 0,
          "identity": {
            "account_id": "381352981117",
            "id": "i-021ad2b3cb2636754",
            "region": "us-east-1"
          },
          "private": "eyJlMmJmYjczMC1lY2FhLTExZTYtOGY4OC0zNDM2M2JjN2M0YzAiOnsiY3JlYXRlIjo2MDAwMDAwMDAwMDAsImRlbGV0ZSI6MTIwMDAwMDAwMDAwMCwicmVhZCI6OTAwMDAwMDAwMDAwLCJ1cGRhdGUiOjYwMDAwMDAwMDAwMH0sInNjaGVtYV92ZXJzaW9uIjoiMiJ9",
          "dependencies": [
            "aws_key_pair.llave_aws",
            "aws_security_group.muro_seguridad",
            "tls_private_key.llave_ssh"
          ]
        }
      ]
    },
    {
      "mode": "managed",
      "type": "aws_key_pair",
      "name": "llave_aws",
      "provider": "provider[\"registry.terraform.io/hashicorp/aws\"]",
      "instances": [
        {
          "schema_version": 1,
          "attributes": {
            "arn": "arn:aws:ec2:us-east-1:381352981117:key-pair/llave-app-tareas",
            "fingerprint": "0b:9a:13:07:95:b0:27:9f:48:3d:7c:b6:d8:0c:84:21",
            "id": "llave-app-tareas",
            "key_name": "llave-app-tareas",
            "key_name_prefix": "",
            "key_pair_id": "key-037f3a1a465584f3d",
            "key_type": "rsa",
            "public_key": "ssh-rsa AAAAB3NzaC1yc2EAAAADAQABAAACAQCiiVWuqzLqeuzbOwupi6OpAbIXxjOnfp1d+pa17RHqVM3y7NOKIzkSsZnEPXNkZWpzVNF0tih95WErywwbCK3BS0uzFGL8z+mHbUJhaHMX4UL6kvdAZVHCjrFEH/mKaFP8HUqmvpYZ0tz98EZiUHsMnHK5CIanZ21psQteMHTUZpwN8rZ0YUgjPgZRzrUs2Y3vEtFZPzoQvgR2fFxYkbGPX7cEFUMfKh/cjpwCTxAbroPcJnQ2ZJNTn07hBpuLNZxQZlx3ExLzc4ONalMXlOCUYk9y0IPkKw2A8alzqPPgN+FHaFEUrHRaLcggkUfyxcA/pIjCx5jhaty05kuf8QARiDoXbd4x9HuQaOUDvOHWbR1ZQZI6kOn8YB/95DJ1qBsPl+VcVbXkqYv1Lsr6ck1a8/w4W/O1JptH0z4gmwKlUgdSM6VxdBZssNOTjPNVbxKa0PdxQTRvPvW3BirzdJMzW21HJ+hv5OiPswEXrIOpIcKrc7VFN5EOjkFRrjzCLF9r5EfGI8IuE3C8zJX4+V1b954z8Mhkn9DHlJVDQ9V0bo4batgBc9KyZlbuFDBcVYxx2eqKXygftEB1oU/CQiRKuSKwo4BNw8W5EdJQmI5uRFW1RJao5BHn/7+0oWC/GuB52luyjshm283Gif5EksQvx/XBhlp7JPgcibhJuh6Upw==",
            "region": "us-east-1",
            "tags": {},
            "tags_all": {}
          },
          "sensitive_attributes": [],
          "identity_schema_version": 0,
          "private": "eyJzY2hlbWFfdmVyc2lvbiI6IjEifQ==",
          "dependencies": [
            "tls_private_key.llave_ssh"
          ]
        }
      ]
    },
    {
      "mode": "managed",
      "type": "aws_lb",
      "name": "recepcionista",
      "provider": "provider[\"registry.terraform.io/hashicorp/aws\"]",
      "instances": [
        {
          "schema_version": 0,
          "attributes": {
            "access_logs": [
              {
                "bucket": "",
                "enabled": false,
                "prefix": ""
              }
            ],
            "arn": "arn:aws:elasticloadbalancing:us-east-1:381352981117:loadbalancer/app/app-tareas-alb/f6c96e4c1aedeeb2",
            "arn_suffix": "app/app-tareas-alb/f6c96e4c1aedeeb2",
            "client_keep_alive": 3600,
            "connection_logs": [
              {
                "bucket": "",
                "enabled": false,
                "prefix": ""
              }
            ],
            "customer_owned_ipv4_pool": "",
            "desync_mitigation_mode": "defensive",
            "dns_name": "app-tareas-alb-1264363029.us-east-1.elb.amazonaws.com",
            "dns_record_client_routing_policy": null,
            "drop_invalid_header_fields": false,
            "enable_cross_zone_load_balancing": true,
            "enable_deletion_protection": false,
            "enable_http2": true,
            "enable_prefix_for_ipv6_source_nat": "off",
            "enable_tls_version_and_cipher_suite_headers": false,
            "enable_waf_fail_open": false,
            "enable_xff_client_port": false,
            "enable_zonal_shift": false,
            "enforce_security_group_inbound_rules_on_private_link_traffic": "",
            "health_check_logs": [
              {
                "bucket": "",
                "enabled": false,
                "prefix": ""
              }
            ],
            "id": "arn:aws:elasticloadbalancing:us-east-1:381352981117:loadbalancer/app/app-tareas-alb/f6c96e4c1aedeeb2",
            "idle_timeout": 60,
            "internal": false,
            "ip_address_type": "ipv4",
            "ipam_pools": [],
            "load_balancer_type": "application",
            "minimum_load_balancer_capacity": [],
            "name": "app-tareas-alb",
            "name_prefix": "",
            "preserve_host_header": false,
            "region": "us-east-1",
            "secondary_ips_auto_assigned_per_subnet": null,
            "security_groups": [
              "sg-0eb3da8efd26ae36a"
            ],
            "subnet_mapping": [
              {
                "allocation_id": "",
                "ipv6_address": "",
                "outpost_id": "",
                "private_ipv4_address": "",
                "subnet_id": "subnet-00f711fffbe747210"
              },
              {
                "allocation_id": "",
                "ipv6_address": "",
                "outpost_id": "",
                "private_ipv4_address": "",
                "subnet_id": "subnet-03ef1978cb09fb875"
              }
            ],
            "subnets": [
              "subnet-00f711fffbe747210",
              "subnet-03ef1978cb09fb875"
            ],
            "tags": null,
            "tags_all": {},
            "timeouts": null,
            "vpc_id": "vpc-069a41ef3675a8daa",
            "xff_header_processing_mode": "append",
            "zone_id": "Z35SXDOTRQ7X7K"
          },
          "sensitive_attributes": [],
          "identity_schema_version": 0,
          "identity": {
            "arn": "arn:aws:elasticloadbalancing:us-east-1:381352981117:loadbalancer/app/app-tareas-alb/f6c96e4c1aedeeb2"
          },
          "private": "eyJlMmJmYjczMC1lY2FhLTExZTYtOGY4OC0zNDM2M2JjN2M0YzAiOnsiY3JlYXRlIjo2MDAwMDAwMDAwMDAsImRlbGV0ZSI6NjAwMDAwMDAwMDAwLCJ1cGRhdGUiOjYwMDAwMDAwMDAwMH19",
          "dependencies": [
            "aws_security_group.muro_seguridad",
            "data.aws_subnets.subredes_por_defecto",
            "data.aws_vpc.red_por_defecto"
          ]
        }
      ]
    },
    {
      "mode": "managed",
      "type": "aws_lb_listener",
      "name": "oyente_puerta",
      "provider": "provider[\"registry.terraform.io/hashicorp/aws\"]",
      "instances": [
        {
          "schema_version": 0,
          "attributes": {
            "alpn_policy": null,
            "arn": "arn:aws:elasticloadbalancing:us-east-1:381352981117:listener/app/app-tareas-alb/f6c96e4c1aedeeb2/84f15230234b1ee2",
            "certificate_arn": null,
            "default_action": [
              {
                "authenticate_cognito": [],
                "authenticate_oidc": [],
                "fixed_response": [],
                "forward": [],
                "jwt_validation": [],
                "order": 1,
                "redirect": [],
                "target_group_arn": "arn:aws:elasticloadbalancing:us-east-1:381352981117:targetgroup/app-tareas-tg/2a3dca0ca47c6ae5",
                "type": "forward"
              }
            ],
            "id": "arn:aws:elasticloadbalancing:us-east-1:381352981117:listener/app/app-tareas-alb/f6c96e4c1aedeeb2/84f15230234b1ee2",
            "load_balancer_arn": "arn:aws:elasticloadbalancing:us-east-1:381352981117:loadbalancer/app/app-tareas-alb/f6c96e4c1aedeeb2",
            "mutual_authentication": [],
            "port": 80,
            "protocol": "HTTP",
            "region": "us-east-1",
            "routing_http_request_x_amzn_mtls_clientcert_header_name": null,
            "routing_http_request_x_amzn_mtls_clientcert_issuer_header_name": null,
            "routing_http_request_x_amzn_mtls_clientcert_leaf_header_name": null,
            "routing_http_request_x_amzn_mtls_clientcert_serial_number_header_name": null,
            "routing_http_request_x_amzn_mtls_clientcert_subject_header_name": null,
            "routing_http_request_x_amzn_mtls_clientcert_validity_header_name": null,
            "routing_http_request_x_amzn_tls_cipher_suite_header_name": null,
            "routing_http_request_x_amzn_tls_version_header_name": null,
            "routing_http_response_access_control_allow_credentials_header_value": "",
            "routing_http_response_access_control_allow_headers_header_value": "",
            "routing_http_response_access_control_allow_methods_header_value": "",
            "routing_http_response_access_control_allow_origin_header_value": "",
            "routing_http_response_access_control_expose_headers_header_value": "",
            "routing_http_response_access_control_max_age_header_value": "",
            "routing_http_response_content_security_policy_header_value": "",
            "routing_http_response_server_enabled": true,
            "routing_http_response_strict_transport_security_header_value": "",
            "routing_http_response_x_content_type_options_header_value": "",
            "routing_http_response_x_frame_options_header_value": "",
            "ssl_policy": "",
            "tags": null,
            "tags_all": {},
            "tcp_idle_timeout_seconds": null,
            "timeouts": null
          },
          "sensitive_attributes": [],
          "identity_schema_version": 0,
          "identity": {
            "arn": "arn:aws:elasticloadbalancing:us-east-1:381352981117:listener/app/app-tareas-alb/f6c96e4c1aedeeb2/84f15230234b1ee2"
          },
          "private": "eyJlMmJmYjczMC1lY2FhLTExZTYtOGY4OC0zNDM2M2JjN2M0YzAiOnsiY3JlYXRlIjozMDAwMDAwMDAwMDAsInVwZGF0ZSI6MzAwMDAwMDAwMDAwfX0=",
          "dependencies": [
            "aws_lb.recepcionista",
            "aws_lb_target_group.grupo_servidores",
            "aws_security_group.muro_seguridad",
            "data.aws_subnets.subredes_por_defecto",
            "data.aws_vpc.red_por_defecto"
          ]
        }
      ]
    },
    {
      "mode": "managed",
      "type": "aws_lb_target_group",
      "name": "grupo_servidores",
      "provider": "provider[\"registry.terraform.io/hashicorp/aws\"]",
      "instances": [
        {
          "schema_version": 0,
          "attributes": {
            "arn": "arn:aws:elasticloadbalancing:us-east-1:381352981117:targetgroup/app-tareas-tg/2a3dca0ca47c6ae5",
            "arn_suffix": "targetgroup/app-tareas-tg/2a3dca0ca47c6ae5",
            "connection_termination": null,
            "deregistration_delay": "300",
            "health_check": [
              {
                "enabled": true,
                "healthy_threshold": 5,
                "interval": 30,
                "matcher": "200",
                "path": "/",
                "port": "traffic-port",
                "protocol": "HTTP",
                "timeout": 5,
                "unhealthy_threshold": 2
              }
            ],
            "id": "arn:aws:elasticloadbalancing:us-east-1:381352981117:targetgroup/app-tareas-tg/2a3dca0ca47c6ae5",
            "ip_address_type": "ipv4",
            "lambda_multi_value_headers_enabled": false,
            "load_balancer_arns": [],
            "load_balancing_algorithm_type": "round_robin",
            "load_balancing_anomaly_mitigation": "off",
            "load_balancing_cross_zone_enabled": "use_load_balancer_configuration",
            "name": "app-tareas-tg",
            "name_prefix": "",
            "port": 80,
            "preserve_client_ip": null,
            "protocol": "HTTP",
            "protocol_version": "HTTP1",
            "proxy_protocol_v2": false,
            "region": "us-east-1",
            "slow_start": 0,
            "stickiness": [
              {
                "cookie_duration": 86400,
                "cookie_name": "",
                "enabled": false,
                "type": "lb_cookie"
              }
            ],
            "tags": null,
            "tags_all": {},
            "target_control_port": 0,
            "target_failover": [
              {
                "on_deregistration": null,
                "on_unhealthy": null
              }
            ],
            "target_group_health": [
              {
                "dns_failover": [
                  {
                    "minimum_healthy_targets_count": "1",
                    "minimum_healthy_targets_percentage": "off"
                  }
                ],
                "unhealthy_state_routing": [
                  {
                    "minimum_healthy_targets_count": 1,
                    "minimum_healthy_targets_percentage": "off"
                  }
                ]
              }
            ],
            "target_health_state": [
              {
                "enable_unhealthy_connection_termination": null,
                "unhealthy_draining_interval": null
              }
            ],
            "target_type": "instance",
            "vpc_id": "vpc-069a41ef3675a8daa"
          },
          "sensitive_attributes": [],
          "identity_schema_version": 0,
          "identity": {
            "arn": "arn:aws:elasticloadbalancing:us-east-1:381352981117:targetgroup/app-tareas-tg/2a3dca0ca47c6ae5"
          },
          "private": "bnVsbA==",
          "dependencies": [
            "data.aws_vpc.red_por_defecto"
          ]
        }
      ]
    },
    {
      "mode": "managed",
      "type": "aws_lb_target_group_attachment",
      "name": "enganchar_servidores",
      "provider": "provider[\"registry.terraform.io/hashicorp/aws\"]",
      "instances": [
        {
          "index_key": 0,
          "schema_version": 0,
          "attributes": {
            "availability_zone": null,
            "id": "arn:aws:elasticloadbalancing:us-east-1:381352981117:targetgroup/app-tareas-tg/2a3dca0ca47c6ae5,i-0f5513772884bca42,80",
            "port": 80,
            "quic_server_id": null,
            "region": "us-east-1",
            "target_group_arn": "arn:aws:elasticloadbalancing:us-east-1:381352981117:targetgroup/app-tareas-tg/2a3dca0ca47c6ae5",
            "target_id": "i-0f5513772884bca42"
          },
          "sensitive_attributes": [],
          "identity_schema_version": 0,
          "identity": {
            "account_id": "381352981117",
            "availability_zone": null,
            "port": 80,
            "quic_server_id": null,
            "region": "us-east-1",
            "target_group_arn": "arn:aws:elasticloadbalancing:us-east-1:381352981117:targetgroup/app-tareas-tg/2a3dca0ca47c6ae5",
            "target_id": "i-0f5513772884bca42"
          },
          "private": "bnVsbA==",
          "dependencies": [
            "aws_instance.mis_servidores",
            "aws_key_pair.llave_aws",
            "aws_lb_target_group.grupo_servidores",
            "aws_security_group.muro_seguridad",
            "data.aws_vpc.red_por_defecto",
            "tls_private_key.llave_ssh"
          ]
        },
        {
          "index_key": 1,
          "schema_version": 0,
          "attributes": {
            "availability_zone": null,
            "id": "arn:aws:elasticloadbalancing:us-east-1:381352981117:targetgroup/app-tareas-tg/2a3dca0ca47c6ae5,i-021ad2b3cb2636754,80",
            "port": 80,
            "quic_server_id": null,
            "region": "us-east-1",
            "target_group_arn": "arn:aws:elasticloadbalancing:us-east-1:381352981117:targetgroup/app-tareas-tg/2a3dca0ca47c6ae5",
            "target_id": "i-021ad2b3cb2636754"
          },
          "sensitive_attributes": [],
          "identity_schema_version": 0,
          "identity": {
            "account_id": "381352981117",
            "availability_zone": null,
            "port": 80,
            "quic_server_id": null,
            "region": "us-east-1",
            "target_group_arn": "arn:aws:elasticloadbalancing:us-east-1:381352981117:targetgroup/app-tareas-tg/2a3dca0ca47c6ae5",
            "target_id": "i-021ad2b3cb2636754"
          },
          "private": "bnVsbA==",
          "dependencies": [
            "aws_instance.mis_servidores",
            "aws_key_pair.llave_aws",
            "aws_lb_target_group.grupo_servidores",
            "aws_security_group.muro_seguridad",
            "data.aws_vpc.red_por_defecto",
            "tls_private_key.llave_ssh"
          ]
        }
      ]
    },
    {
      "mode": "managed",
      "type": "aws_security_group",
      "name": "muro_seguridad",
      "provider": "provider[\"registry.terraform.io/hashicorp/aws\"]",
      "instances": [
        {
          "schema_version": 1,
          "attributes": {
            "arn": "arn:aws:ec2:us-east-1:381352981117:security-group/sg-0eb3da8efd26ae36a",
            "description": "Permitir entrar a la web y a configurar",
            "egress": [
              {
                "cidr_blocks": [
                  "0.0.0.0/0"
                ],
                "description": "",
                "from_port": 0,
                "ipv6_cidr_blocks": [],
                "prefix_list_ids": [],
                "protocol": "-1",
                "security_groups": [],
                "self": false,
                "to_port": 0
              }
            ],
            "id": "sg-0eb3da8efd26ae36a",
            "ingress": [
              {
                "cidr_blocks": [
                  "0.0.0.0/0"
                ],
                "description": "",
                "from_port": 22,
                "ipv6_cidr_blocks": [],
                "prefix_list_ids": [],
                "protocol": "tcp",
                "security_groups": [],
                "self": false,
                "to_port": 22
              },
              {
                "cidr_blocks": [
                  "0.0.0.0/0"
                ],
                "description": "",
                "from_port": 80,
                "ipv6_cidr_blocks": [],
                "prefix_list_ids": [],
                "protocol": "tcp",
                "security_groups": [],
                "self": false,
                "to_port": 80
              }
            ],
            "name": "app-tareas-sg",
            "name_prefix": "",
            "owner_id": "381352981117",
            "region": "us-east-1",
            "revoke_rules_on_delete": false,
            "tags": {},
            "tags_all": {},
            "timeouts": null,
            "vpc_id": "vpc-069a41ef3675a8daa"
          },
          "sensitive_attributes": [],
          "identity_schema_version": 0,
          "identity": {
            "account_id": "381352981117",
            "id": "sg-0eb3da8efd26ae36a",
            "region": "us-east-1"
          },
          "private": "eyJlMmJmYjczMC1lY2FhLTExZTYtOGY4OC0zNDM2M2JjN2M0YzAiOnsiY3JlYXRlIjo2MDAwMDAwMDAwMDAsImRlbGV0ZSI6OTAwMDAwMDAwMDAwfSwic2NoZW1hX3ZlcnNpb24iOiIxIn0="
        }
      ]
    },
    {
      "mode": "managed",
      "type": "local_file",
      "name": "guardar_llave",
      "provider": "provider[\"registry.terraform.io/hashicorp/local\"]",
      "instances": [
        {
          "schema_version": 0,
          "attributes": {
            "content": "-----BEGIN RSA PRIVATE KEY-----\nMIIJJwIBAAKCAgEAoolVrqsy6nrs2zsLqYujqQGyF8Yzp36dXfqWte0R6lTN8uzT\niiM5ErGZxD1zZGVqc1TRdLYofeVhK8sMGwitwUtLsxRi/M/ph21CYWhzF+FC+pL3\nQGVRwo6xRB/5imhT/B1Kpr6WGdLc/fBGYlB7DJxyuQiGp2dtabELXjB01GacDfK2\ndGFIIz4GUc61LNmN7xLRWT86EL4EdnxcWJGxj1+3BBVDHyof3I6cAk8QG66D3CZ0\nNmSTU59O4QabizWcUGZcdxMS83ODjWpTF5TglGJPctCD5CsNgPGpc6jz4DfhR2hR\nFKx0Wi3IIJFH8sXAP6SIwseY4WrctOZLn/EAEYg6F23eMfR7kGjlA7zh1m0dWUGS\nOpDp/GAf/eQydagbD5flXFW15KmL9S7K+nJNWvP8OFvztSabR9M+IJsCpVIHUjOl\ncXQWbLDTk4zzVW8SmtD3cUE0bz71twYq83STM1ttRyfob+Toj7MBF6yDqSHCq3O1\nRTeRDo5BUa48wixfa+RHxiPCLhNwvMyV+PldW/eeM/DIZJ/Qx5SVQ0PVdG6OG2rY\nAXPSsmZW7hQwXFWMcdnqil8oH7RAdaFPwkIkSrkisKOATcPFuRHSUJiObkRVtUSW\nqOQR5/+/tKFgvxrgedpbso7IZtvNxon+RJLEL8f1wYZaeyT4HIm4SboelKcCAwEA\nAQKCAgASmCaKvIAvLg/xxq//Xf/DonOG38BiDYygRz49otj1V21WOLy8pWnulw3R\n0vvkBOwoNJBfy0UXngm/UlPYteX24o/O9WqbpIeBXEEHVsUv+q/Ibc7GebDgUqW5\n9vR73pKZGZrEN7KBUsvAa2AJ+E4Tc8R2IaER/rWYLU5xIJcFA5YfzGAOMWDo0zwy\n2LSGZH8l1h/IF4EjkDF/gpun8EcBcYBFAc+zfYS2nUQAyZ28pPrl0SpjXJ80JloG\nSVS7GM+ArS0v3ClDW7g1ke/el0QYBaU0K+Gi1UAOu9bYagA4avwlSKxZ8p6/AFTQ\nUP6Lqg7j2QViTyZQx4JnWZ9WNWJ98DoSbouOn0XY044FvgoCEQRUiFc7cTsXZxNB\nO6dashVznW0URVPzFD918S5Ilqva5uLr2MmAYr86Ace8GDwC+8w8tGYA4rxESGPe\ndIjye+rZolg5d3kGKDKnoXjvrhCgeQGqaemSVU+D7+Vp+xrn4np52uatmSatLm5X\nXZ9jrfShHtG2xPf9W4U+VKa2umu9ewpGs27ZFru7F/P2Ti/ymrGmU6vZvXlSdaXS\ngkhGL9TchCDRJDf/RmD6x8zSd49Q4wE9YLKIH8hXGGC2QnVIwPPobHhx9OyajIbs\nHoqIm64r5cx/JrsH9q22aI2NCBbz+ML9GgCquLRIVYqaq/534QKCAQEAwMzZToEK\n7PpZur/kaLWgK3MS5EBNMTyf/c9zVDgXkrXhIXsWr/Stxf0QyL/8qYePSAyk4lqQ\nMWGUuiEYxMO2Q60NcIt784Ua5FIVQDitz8gHgs4zJ0Z64VZAYXcxCPorBJNvRIkR\nqEcO/h5D0DnQPCPw6QZqYpgZS+OqY1yJ9BI9lCPqnqU1GAOy9D2ZYDb9D8s92quA\ny5pAiUnAaUvPxPhR2GOkpScHFGCswXUEdj4Kq1H8RtKYNoB6qF940fraDV0Hdsv6\n81U42bnQvNbeEwaFm6j166MDxGcLQ8H1Vgxd7iKCgBYdwfs+i8JJcz6Y6dfTl7vb\nfXEXiHL7vilshwKCAQEA19DavYXHabBdMueief8aaR91NIrNe9zM5vqAzNaFTQdu\nLkcdBLiCvBGF+8+fHp1Hx4fjPzumddg97iauRr/BHvB8+gza07jOqSTQFGBo3m44\nggPCFLkGm8XQVlIZsbQXSkOO3fYKVImPEUUIL8ayn+sZWUZFAsBM9M4q0bRicfYb\n+qW5UVumsWnvtf592IpmqfZPVWGfXbPuDW1W+Pxx4mkKP4/rm0N6mMBaNgpjqmoZ\ngM4Vsxcc6afVqOZgMxn5cZouek0k7hhpYszdPP5sYkAQdKysSFRpyM8SCZ55y20O\nws84p3Qisq6ow1Go8vaoTupTCO+f1Fv6lGtiwga+4QKCAQAdy4qJp0eY99eGFMGn\nrOnjzRTOUWGcilHvV2/rQ//gnFr+YZdP+fAg+MrvOzxAtsJd0BZrJLPD7eCeIx9A\nyT4Rl1zMV8IAEEHnpwfBtQCna7I9dMBTAYFb8Yhhh5n8WSzsuBwp60TfTJv0iZjR\nRR35LVS9rlAijH7cS4K5eEOZhHgfvK01dzKNU4UEWcCqLdVN64rTkE2HKX9vuAYU\nP7MMLZP4bO202CMv8wC/pOXboBrl/vWNvF3pjlFmU9rIGIw6JHZS1ZMip7jxbNXl\nWQ9YwVlEhQf8MmUSpRoIjqDre13Iv2yLft96aulvj8bqGHJpMQFyIYX6DNAmNh7R\ndHVhAoIBAGxHREgMQ7WaH9h3cQRGYojVmKdo8JmxeTh1/INJKg4wqS4czcldjXIw\nVIm3bH0eqjHI0tIZ6nV7re67h3rFoG4WeI24P140fbNNXfyrNlJK+Jz6p7hf8Jnd\nEJ8OiAepdHn1FUv1ss8hSR+ABBB8X4humwQ4hk1QEAxPGBqopy/IK9eAqE7Sbfrb\nTMKB0cAACGxDwR/0X9HSgaBI+HbpqXXP/61OVwZKP8s9zsUIR2Lr4qnGPArjkMUG\nSON52lApOwatNZ508A9pPg6s/F8qw1Q0Ek2HiNStTXnLsqAS28adi+dfsmwJj5MY\noGGGqf5klKMrW8fC+ezAzSMEEcOJQOECggEAasPELL64emWtDEy+7JwHnH3FwZbM\nIHLLJgRaxtUG0dRGgjyIxYG+Ky0MGQtxzzb4MbyIBA7heviR2PxIwE7f5OWici1u\nhsLmHKBIfB+94x2GZ5xTytIkUYBj0RJFPhRHTLS22KyeZGU/tn3iOBcbink4pHt6\n/Zpceez7r6uIX7QV6aVtUuynmpi2HbKJ9ziKcTmNsLUQ3KajtM4e3GEvmcKWQI7Z\n/jPpq9klD2pMuSRXzcAEaIIpdLw1MaqjUbLzh+jFmBRKwghn1TuYkg9sBOeOQCe5\nyZzKOlxxg11+1jpOEqJWUnAqYneYNauRq3G8kl9W1mxG9+AJ27bmpMbUcw==\n-----END RSA PRIVATE KEY-----\n",
            "content_base64": null,
            "content_base64sha256": "uDHYDpN4UyAOAybC3SoY6s5B/0eCJxTdYvGlrKNCZGk=",
            "content_base64sha512": "XIc6D6VEwE35NqQdb8pa1UHmG/EyutZ19TSPRZ08D7vqtJ9Exw0w6MOYlCYifGA4F2lm5Lz5KiicJiIfsKUdhg==",
            "content_md5": "8cd01f4d25ce171cc76c76545d6db4b3",
            "content_sha1": "8ee12c208418ecad2a6a1fd1f9802ca8b0fdda0e",
            "content_sha256": "b831d80e937853200e0326c2dd2a18eace41ff47822714dd62f1a5aca3426469",
            "content_sha512": "5c873a0fa544c04df936a41d6fca5ad541e61bf132bad675f5348f459d3c0fbbeab49f44c70d30e8c3989426227c6038176966e4bcf92a289c26221fb0a51d86",
            "directory_permission": "0777",
            "file_permission": "0777",
            "filename": "llave-app-tareas.pem",
            "id": "8ee12c208418ecad2a6a1fd1f9802ca8b0fdda0e",
            "sensitive_content": null,
            "source": null
          },
          "sensitive_attributes": [
            [
              {
                "type": "get_attr",
                "value": "content"
              }
            ],
            [
              {
                "type": "get_attr",
                "value": "sensitive_content"
              }
            ]
          ],
          "identity_schema_version": 0,
          "dependencies": [
            "tls_private_key.llave_ssh"
          ]
        }
      ]
    },
    {
      "mode": "managed",
      "type": "tls_private_key",
      "name": "llave_ssh",
      "provider": "provider[\"registry.terraform.io/hashicorp/tls\"]",
      "instances": [
        {
          "schema_version": 1,
          "attributes": {
            "algorithm": "RSA",
            "ecdsa_curve": "P224",
            "id": "7c302a0a07dc1f35d65d5b0b73bebb5c94f824b8",
            "private_key_openssh": "-----BEGIN OPENSSH PRIVATE KEY-----\nb3BlbnNzaC1rZXktdjEAAAAABG5vbmUAAAAEbm9uZQAAAAAAAAABAAACFwAAAAdz\nc2gtcnNhAAAAAwEAAQAAAgEAoolVrqsy6nrs2zsLqYujqQGyF8Yzp36dXfqWte0R\n6lTN8uzTiiM5ErGZxD1zZGVqc1TRdLYofeVhK8sMGwitwUtLsxRi/M/ph21CYWhz\nF+FC+pL3QGVRwo6xRB/5imhT/B1Kpr6WGdLc/fBGYlB7DJxyuQiGp2dtabELXjB0\n1GacDfK2dGFIIz4GUc61LNmN7xLRWT86EL4EdnxcWJGxj1+3BBVDHyof3I6cAk8Q\nG66D3CZ0NmSTU59O4QabizWcUGZcdxMS83ODjWpTF5TglGJPctCD5CsNgPGpc6jz\n4DfhR2hRFKx0Wi3IIJFH8sXAP6SIwseY4WrctOZLn/EAEYg6F23eMfR7kGjlA7zh\n1m0dWUGSOpDp/GAf/eQydagbD5flXFW15KmL9S7K+nJNWvP8OFvztSabR9M+IJsC\npVIHUjOlcXQWbLDTk4zzVW8SmtD3cUE0bz71twYq83STM1ttRyfob+Toj7MBF6yD\nqSHCq3O1RTeRDo5BUa48wixfa+RHxiPCLhNwvMyV+PldW/eeM/DIZJ/Qx5SVQ0PV\ndG6OG2rYAXPSsmZW7hQwXFWMcdnqil8oH7RAdaFPwkIkSrkisKOATcPFuRHSUJiO\nbkRVtUSWqOQR5/+/tKFgvxrgedpbso7IZtvNxon+RJLEL8f1wYZaeyT4HIm4Sboe\nlKcAAAc4ge/NqIHvzagAAAAHc3NoLXJzYQAAAgEAoolVrqsy6nrs2zsLqYujqQGy\nF8Yzp36dXfqWte0R6lTN8uzTiiM5ErGZxD1zZGVqc1TRdLYofeVhK8sMGwitwUtL\nsxRi/M/ph21CYWhzF+FC+pL3QGVRwo6xRB/5imhT/B1Kpr6WGdLc/fBGYlB7DJxy\nuQiGp2dtabELXjB01GacDfK2dGFIIz4GUc61LNmN7xLRWT86EL4EdnxcWJGxj1+3\nBBVDHyof3I6cAk8QG66D3CZ0NmSTU59O4QabizWcUGZcdxMS83ODjWpTF5TglGJP\nctCD5CsNgPGpc6jz4DfhR2hRFKx0Wi3IIJFH8sXAP6SIwseY4WrctOZLn/EAEYg6\nF23eMfR7kGjlA7zh1m0dWUGSOpDp/GAf/eQydagbD5flXFW15KmL9S7K+nJNWvP8\nOFvztSabR9M+IJsCpVIHUjOlcXQWbLDTk4zzVW8SmtD3cUE0bz71twYq83STM1tt\nRyfob+Toj7MBF6yDqSHCq3O1RTeRDo5BUa48wixfa+RHxiPCLhNwvMyV+PldW/ee\nM/DIZJ/Qx5SVQ0PVdG6OG2rYAXPSsmZW7hQwXFWMcdnqil8oH7RAdaFPwkIkSrki\nsKOATcPFuRHSUJiObkRVtUSWqOQR5/+/tKFgvxrgedpbso7IZtvNxon+RJLEL8f1\nwYZaeyT4HIm4SboelKcAAAADAQABAAACABKYJoq8gC8uD/HGr/9d/8Oic4bfwGIN\njKBHPj2i2PVXbVY4vLylae6XDdHS++QE7Cg0kF/LRReeCb9SU9i15fbij871apuk\nh4FcQQdWxS/6r8htzsZ5sOBSpbn29HvekpkZmsQ3soFSy8BrYAn4ThNzxHYhoRH+\ntZgtTnEglwUDlh/MYA4xYOjTPDLYtIZkfyXWH8gXgSOQMX+Cm6fwRwFxgEUBz7N9\nhLadRADJnbyk+uXRKmNcnzQmWgZJVLsYz4CtLS/cKUNbuDWR796XRBgFpTQr4aLV\nQA671thqADhq/CVIrFnynr8AVNBQ/ouqDuPZBWJPJlDHgmdZn1Y1Yn3wOhJui46f\nRdjTjgW+CgIRBFSIVztxOxdnE0E7p1qyFXOdbRRFU/MUP3XxLkiWq9rm4uvYyYBi\nvzoBx7wYPAL7zDy0ZgDivERIY950iPJ76tmiWDl3eQYoMqeheO+uEKB5Aapp6ZJV\nT4Pv5Wn7Gufienna5q2ZJq0ublddn2Ot9KEe0bbE9/1bhT5Upra6a717CkazbtkW\nu7sX8/ZOL/KasaZTq9m9eVJ1pdKCSEYv1NyEINEkN/9GYPrHzNJ3j1DjAT1gsogf\nyFcYYLZCdUjA8+hseHH07JqMhuweioibrivlzH8muwf2rbZojY0IFvP4wv0aAKq4\ntEhVipqr/nfhAAABAGrDxCy+uHplrQxMvuycB5x9xcGWzCByyyYEWsbVBtHURoI8\niMWBvistDBkLcc82+DG8iAQO4Xr4kdj8SMBO3+TlonItbobC5hygSHwfveMdhmec\nU8rSJFGAY9ESRT4UR0y0ttisnmRlP7Z94jgXG4p5OKR7ev2aXHns+6+riF+0Feml\nbVLsp5qYth2yifc4inE5jbC1ENymo7TOHtxhL5nClkCO2f4z6avZJQ9qTLkkV83A\nBGiCKXS8NTGqo1Gy84foxZgUSsIIZ9U7mJIPbATnjkAnucmcyjpccYNdftY6ThKi\nVlJwKmJ3mDWrkatxvJJfVtZsRvfgCdu25qTG1HMAAAEBAMDM2U6BCuz6Wbq/5Gi1\noCtzEuRATTE8n/3Pc1Q4F5K14SF7Fq/0rcX9EMi//KmHj0gMpOJakDFhlLohGMTD\ntkOtDXCLe/OFGuRSFUA4rc/IB4LOMydGeuFWQGF3MQj6KwSTb0SJEahHDv4eQ9A5\n0Dwj8OkGamKYGUvjqmNcifQSPZQj6p6lNRgDsvQ9mWA2/Q/LPdqrgMuaQIlJwGlL\nz8T4UdhjpKUnBxRgrMF1BHY+CqtR/EbSmDaAeqhfeNH62g1dB3bL+vNVONm50LzW\n3hMGhZuo9eujA8RnC0PB9VYMXe4igoAWHcH7PovCSXM+mOnX05e7231xF4hy+74p\nbIcAAAEBANfQ2r2Fx2mwXTLnonn/GmkfdTSKzXvczOb6gMzWhU0Hbi5HHQS4grwR\nhfvPnx6dR8eH4z87pnXYPe4mrka/wR7wfPoM2tO4zqkk0BRgaN5uOIIDwhS5BpvF\n0FZSGbG0F0pDjt32ClSJjxFFCC/Gsp/rGVlGRQLATPTOKtG0YnH2G/qluVFbprFp\n77X+fdiKZqn2T1Vhn12z7g1tVvj8ceJpCj+P65tDepjAWjYKY6pqGYDOFbMXHOmn\n1ajmYDMZ+XGaLnpNJO4YaWLM3Tz+bGJAEHSsrEhUacjPEgmeecttDsLPOKd0IrKu\nqMNRqPL2qE7qUwjvn9Rb+pRrYsIGvuEAAAAAAQID\n-----END OPENSSH PRIVATE KEY-----\n",
            "private_key_pem": "-----BEGIN RSA PRIVATE KEY-----\nMIIJJwIBAAKCAgEAoolVrqsy6nrs2zsLqYujqQGyF8Yzp36dXfqWte0R6lTN8uzT\niiM5ErGZxD1zZGVqc1TRdLYofeVhK8sMGwitwUtLsxRi/M/ph21CYWhzF+FC+pL3\nQGVRwo6xRB/5imhT/B1Kpr6WGdLc/fBGYlB7DJxyuQiGp2dtabELXjB01GacDfK2\ndGFIIz4GUc61LNmN7xLRWT86EL4EdnxcWJGxj1+3BBVDHyof3I6cAk8QG66D3CZ0\nNmSTU59O4QabizWcUGZcdxMS83ODjWpTF5TglGJPctCD5CsNgPGpc6jz4DfhR2hR\nFKx0Wi3IIJFH8sXAP6SIwseY4WrctOZLn/EAEYg6F23eMfR7kGjlA7zh1m0dWUGS\nOpDp/GAf/eQydagbD5flXFW15KmL9S7K+nJNWvP8OFvztSabR9M+IJsCpVIHUjOl\ncXQWbLDTk4zzVW8SmtD3cUE0bz71twYq83STM1ttRyfob+Toj7MBF6yDqSHCq3O1\nRTeRDo5BUa48wixfa+RHxiPCLhNwvMyV+PldW/eeM/DIZJ/Qx5SVQ0PVdG6OG2rY\nAXPSsmZW7hQwXFWMcdnqil8oH7RAdaFPwkIkSrkisKOATcPFuRHSUJiObkRVtUSW\nqOQR5/+/tKFgvxrgedpbso7IZtvNxon+RJLEL8f1wYZaeyT4HIm4SboelKcCAwEA\nAQKCAgASmCaKvIAvLg/xxq//Xf/DonOG38BiDYygRz49otj1V21WOLy8pWnulw3R\n0vvkBOwoNJBfy0UXngm/UlPYteX24o/O9WqbpIeBXEEHVsUv+q/Ibc7GebDgUqW5\n9vR73pKZGZrEN7KBUsvAa2AJ+E4Tc8R2IaER/rWYLU5xIJcFA5YfzGAOMWDo0zwy\n2LSGZH8l1h/IF4EjkDF/gpun8EcBcYBFAc+zfYS2nUQAyZ28pPrl0SpjXJ80JloG\nSVS7GM+ArS0v3ClDW7g1ke/el0QYBaU0K+Gi1UAOu9bYagA4avwlSKxZ8p6/AFTQ\nUP6Lqg7j2QViTyZQx4JnWZ9WNWJ98DoSbouOn0XY044FvgoCEQRUiFc7cTsXZxNB\nO6dashVznW0URVPzFD918S5Ilqva5uLr2MmAYr86Ace8GDwC+8w8tGYA4rxESGPe\ndIjye+rZolg5d3kGKDKnoXjvrhCgeQGqaemSVU+D7+Vp+xrn4np52uatmSatLm5X\nXZ9jrfShHtG2xPf9W4U+VKa2umu9ewpGs27ZFru7F/P2Ti/ymrGmU6vZvXlSdaXS\ngkhGL9TchCDRJDf/RmD6x8zSd49Q4wE9YLKIH8hXGGC2QnVIwPPobHhx9OyajIbs\nHoqIm64r5cx/JrsH9q22aI2NCBbz+ML9GgCquLRIVYqaq/534QKCAQEAwMzZToEK\n7PpZur/kaLWgK3MS5EBNMTyf/c9zVDgXkrXhIXsWr/Stxf0QyL/8qYePSAyk4lqQ\nMWGUuiEYxMO2Q60NcIt784Ua5FIVQDitz8gHgs4zJ0Z64VZAYXcxCPorBJNvRIkR\nqEcO/h5D0DnQPCPw6QZqYpgZS+OqY1yJ9BI9lCPqnqU1GAOy9D2ZYDb9D8s92quA\ny5pAiUnAaUvPxPhR2GOkpScHFGCswXUEdj4Kq1H8RtKYNoB6qF940fraDV0Hdsv6\n81U42bnQvNbeEwaFm6j166MDxGcLQ8H1Vgxd7iKCgBYdwfs+i8JJcz6Y6dfTl7vb\nfXEXiHL7vilshwKCAQEA19DavYXHabBdMueief8aaR91NIrNe9zM5vqAzNaFTQdu\nLkcdBLiCvBGF+8+fHp1Hx4fjPzumddg97iauRr/BHvB8+gza07jOqSTQFGBo3m44\nggPCFLkGm8XQVlIZsbQXSkOO3fYKVImPEUUIL8ayn+sZWUZFAsBM9M4q0bRicfYb\n+qW5UVumsWnvtf592IpmqfZPVWGfXbPuDW1W+Pxx4mkKP4/rm0N6mMBaNgpjqmoZ\ngM4Vsxcc6afVqOZgMxn5cZouek0k7hhpYszdPP5sYkAQdKysSFRpyM8SCZ55y20O\nws84p3Qisq6ow1Go8vaoTupTCO+f1Fv6lGtiwga+4QKCAQAdy4qJp0eY99eGFMGn\nrOnjzRTOUWGcilHvV2/rQ//gnFr+YZdP+fAg+MrvOzxAtsJd0BZrJLPD7eCeIx9A\nyT4Rl1zMV8IAEEHnpwfBtQCna7I9dMBTAYFb8Yhhh5n8WSzsuBwp60TfTJv0iZjR\nRR35LVS9rlAijH7cS4K5eEOZhHgfvK01dzKNU4UEWcCqLdVN64rTkE2HKX9vuAYU\nP7MMLZP4bO202CMv8wC/pOXboBrl/vWNvF3pjlFmU9rIGIw6JHZS1ZMip7jxbNXl\nWQ9YwVlEhQf8MmUSpRoIjqDre13Iv2yLft96aulvj8bqGHJpMQFyIYX6DNAmNh7R\ndHVhAoIBAGxHREgMQ7WaH9h3cQRGYojVmKdo8JmxeTh1/INJKg4wqS4czcldjXIw\nVIm3bH0eqjHI0tIZ6nV7re67h3rFoG4WeI24P140fbNNXfyrNlJK+Jz6p7hf8Jnd\nEJ8OiAepdHn1FUv1ss8hSR+ABBB8X4humwQ4hk1QEAxPGBqopy/IK9eAqE7Sbfrb\nTMKB0cAACGxDwR/0X9HSgaBI+HbpqXXP/61OVwZKP8s9zsUIR2Lr4qnGPArjkMUG\nSON52lApOwatNZ508A9pPg6s/F8qw1Q0Ek2HiNStTXnLsqAS28adi+dfsmwJj5MY\noGGGqf5klKMrW8fC+ezAzSMEEcOJQOECggEAasPELL64emWtDEy+7JwHnH3FwZbM\nIHLLJgRaxtUG0dRGgjyIxYG+Ky0MGQtxzzb4MbyIBA7heviR2PxIwE7f5OWici1u\nhsLmHKBIfB+94x2GZ5xTytIkUYBj0RJFPhRHTLS22KyeZGU/tn3iOBcbink4pHt6\n/Zpceez7r6uIX7QV6aVtUuynmpi2HbKJ9ziKcTmNsLUQ3KajtM4e3GEvmcKWQI7Z\n/jPpq9klD2pMuSRXzcAEaIIpdLw1MaqjUbLzh+jFmBRKwghn1TuYkg9sBOeOQCe5\nyZzKOlxxg11+1jpOEqJWUnAqYneYNauRq3G8kl9W1mxG9+AJ27bmpMbUcw==\n-----END RSA PRIVATE KEY-----\n",
            "private_key_pem_pkcs8": "-----BEGIN PRIVATE KEY-----\nMIIJQQIBADANBgkqhkiG9w0BAQEFAASCCSswggknAgEAAoICAQCiiVWuqzLqeuzb\nOwupi6OpAbIXxjOnfp1d+pa17RHqVM3y7NOKIzkSsZnEPXNkZWpzVNF0tih95WEr\nywwbCK3BS0uzFGL8z+mHbUJhaHMX4UL6kvdAZVHCjrFEH/mKaFP8HUqmvpYZ0tz9\n8EZiUHsMnHK5CIanZ21psQteMHTUZpwN8rZ0YUgjPgZRzrUs2Y3vEtFZPzoQvgR2\nfFxYkbGPX7cEFUMfKh/cjpwCTxAbroPcJnQ2ZJNTn07hBpuLNZxQZlx3ExLzc4ON\nalMXlOCUYk9y0IPkKw2A8alzqPPgN+FHaFEUrHRaLcggkUfyxcA/pIjCx5jhaty0\n5kuf8QARiDoXbd4x9HuQaOUDvOHWbR1ZQZI6kOn8YB/95DJ1qBsPl+VcVbXkqYv1\nLsr6ck1a8/w4W/O1JptH0z4gmwKlUgdSM6VxdBZssNOTjPNVbxKa0PdxQTRvPvW3\nBirzdJMzW21HJ+hv5OiPswEXrIOpIcKrc7VFN5EOjkFRrjzCLF9r5EfGI8IuE3C8\nzJX4+V1b954z8Mhkn9DHlJVDQ9V0bo4batgBc9KyZlbuFDBcVYxx2eqKXygftEB1\noU/CQiRKuSKwo4BNw8W5EdJQmI5uRFW1RJao5BHn/7+0oWC/GuB52luyjshm283G\nif5EksQvx/XBhlp7JPgcibhJuh6UpwIDAQABAoICABKYJoq8gC8uD/HGr/9d/8Oi\nc4bfwGINjKBHPj2i2PVXbVY4vLylae6XDdHS++QE7Cg0kF/LRReeCb9SU9i15fbi\nj871apukh4FcQQdWxS/6r8htzsZ5sOBSpbn29HvekpkZmsQ3soFSy8BrYAn4ThNz\nxHYhoRH+tZgtTnEglwUDlh/MYA4xYOjTPDLYtIZkfyXWH8gXgSOQMX+Cm6fwRwFx\ngEUBz7N9hLadRADJnbyk+uXRKmNcnzQmWgZJVLsYz4CtLS/cKUNbuDWR796XRBgF\npTQr4aLVQA671thqADhq/CVIrFnynr8AVNBQ/ouqDuPZBWJPJlDHgmdZn1Y1Yn3w\nOhJui46fRdjTjgW+CgIRBFSIVztxOxdnE0E7p1qyFXOdbRRFU/MUP3XxLkiWq9rm\n4uvYyYBivzoBx7wYPAL7zDy0ZgDivERIY950iPJ76tmiWDl3eQYoMqeheO+uEKB5\nAapp6ZJVT4Pv5Wn7Gufienna5q2ZJq0ublddn2Ot9KEe0bbE9/1bhT5Upra6a717\nCkazbtkWu7sX8/ZOL/KasaZTq9m9eVJ1pdKCSEYv1NyEINEkN/9GYPrHzNJ3j1Dj\nAT1gsogfyFcYYLZCdUjA8+hseHH07JqMhuweioibrivlzH8muwf2rbZojY0IFvP4\nwv0aAKq4tEhVipqr/nfhAoIBAQDAzNlOgQrs+lm6v+RotaArcxLkQE0xPJ/9z3NU\nOBeSteEhexav9K3F/RDIv/yph49IDKTiWpAxYZS6IRjEw7ZDrQ1wi3vzhRrkUhVA\nOK3PyAeCzjMnRnrhVkBhdzEI+isEk29EiRGoRw7+HkPQOdA8I/DpBmpimBlL46pj\nXIn0Ej2UI+qepTUYA7L0PZlgNv0Pyz3aq4DLmkCJScBpS8/E+FHYY6SlJwcUYKzB\ndQR2PgqrUfxG0pg2gHqoX3jR+toNXQd2y/rzVTjZudC81t4TBoWbqPXrowPEZwtD\nwfVWDF3uIoKAFh3B+z6LwklzPpjp19OXu9t9cReIcvu+KWyHAoIBAQDX0Nq9hcdp\nsF0y56J5/xppH3U0is173Mzm+oDM1oVNB24uRx0EuIK8EYX7z58enUfHh+M/O6Z1\n2D3uJq5Gv8Ee8Hz6DNrTuM6pJNAUYGjebjiCA8IUuQabxdBWUhmxtBdKQ47d9gpU\niY8RRQgvxrKf6xlZRkUCwEz0zirRtGJx9hv6pblRW6axae+1/n3Yimap9k9VYZ9d\ns+4NbVb4/HHiaQo/j+ubQ3qYwFo2CmOqahmAzhWzFxzpp9Wo5mAzGflxmi56TSTu\nGGlizN08/mxiQBB0rKxIVGnIzxIJnnnLbQ7CzzindCKyrqjDUajy9qhO6lMI75/U\nW/qUa2LCBr7hAoIBAB3LiomnR5j314YUwaes6ePNFM5RYZyKUe9Xb+tD/+CcWv5h\nl0/58CD4yu87PEC2wl3QFmsks8Pt4J4jH0DJPhGXXMxXwgAQQeenB8G1AKdrsj10\nwFMBgVvxiGGHmfxZLOy4HCnrRN9Mm/SJmNFFHfktVL2uUCKMftxLgrl4Q5mEeB+8\nrTV3Mo1ThQRZwKot1U3ritOQTYcpf2+4BhQ/swwtk/hs7bTYIy/zAL+k5dugGuX+\n9Y28XemOUWZT2sgYjDokdlLVkyKnuPFs1eVZD1jBWUSFB/wyZRKlGgiOoOt7Xci/\nbIt+33pq6W+PxuoYcmkxAXIhhfoM0CY2HtF0dWECggEAbEdESAxDtZof2HdxBEZi\niNWYp2jwmbF5OHX8g0kqDjCpLhzNyV2NcjBUibdsfR6qMcjS0hnqdXut7ruHesWg\nbhZ4jbg/XjR9s01d/Ks2Ukr4nPqnuF/wmd0Qnw6IB6l0efUVS/WyzyFJH4AEEHxf\niG6bBDiGTVAQDE8YGqinL8gr14CoTtJt+ttMwoHRwAAIbEPBH/Rf0dKBoEj4dump\ndc//rU5XBko/yz3OxQhHYuviqcY8CuOQxQZI43naUCk7Bq01nnTwD2k+Dqz8XyrD\nVDQSTYeI1K1NecuyoBLbxp2L51+ybAmPkxigYYap/mSUoytbx8L57MDNIwQRw4lA\n4QKCAQBqw8Qsvrh6Za0MTL7snAecfcXBlswgcssmBFrG1QbR1EaCPIjFgb4rLQwZ\nC3HPNvgxvIgEDuF6+JHY/EjATt/k5aJyLW6GwuYcoEh8H73jHYZnnFPK0iRRgGPR\nEkU+FEdMtLbYrJ5kZT+2feI4FxuKeTike3r9mlx57Puvq4hftBXppW1S7KeamLYd\nson3OIpxOY2wtRDcpqO0zh7cYS+ZwpZAjtn+M+mr2SUPaky5JFfNwARogil0vDUx\nqqNRsvOH6MWYFErCCGfVO5iSD2wE545AJ7nJnMo6XHGDXX7WOk4SolZScCpid5g1\nq5GrcbySX1bWbEb34AnbtuakxtRz\n-----END PRIVATE KEY-----\n",
            "public_key_fingerprint_md5": "5b:df:b6:08:29:e8:b5:18:96:0a:06:3b:5b:76:48:24",
            "public_key_fingerprint_sha256": "SHA256:Z3hekbm+NE+n0E5SGompQxVzyG/z8HyjCA0muGtWMzk",
            "public_key_openssh": "ssh-rsa AAAAB3NzaC1yc2EAAAADAQABAAACAQCiiVWuqzLqeuzbOwupi6OpAbIXxjOnfp1d+pa17RHqVM3y7NOKIzkSsZnEPXNkZWpzVNF0tih95WErywwbCK3BS0uzFGL8z+mHbUJhaHMX4UL6kvdAZVHCjrFEH/mKaFP8HUqmvpYZ0tz98EZiUHsMnHK5CIanZ21psQteMHTUZpwN8rZ0YUgjPgZRzrUs2Y3vEtFZPzoQvgR2fFxYkbGPX7cEFUMfKh/cjpwCTxAbroPcJnQ2ZJNTn07hBpuLNZxQZlx3ExLzc4ONalMXlOCUYk9y0IPkKw2A8alzqPPgN+FHaFEUrHRaLcggkUfyxcA/pIjCx5jhaty05kuf8QARiDoXbd4x9HuQaOUDvOHWbR1ZQZI6kOn8YB/95DJ1qBsPl+VcVbXkqYv1Lsr6ck1a8/w4W/O1JptH0z4gmwKlUgdSM6VxdBZssNOTjPNVbxKa0PdxQTRvPvW3BirzdJMzW21HJ+hv5OiPswEXrIOpIcKrc7VFN5EOjkFRrjzCLF9r5EfGI8IuE3C8zJX4+V1b954z8Mhkn9DHlJVDQ9V0bo4batgBc9KyZlbuFDBcVYxx2eqKXygftEB1oU/CQiRKuSKwo4BNw8W5EdJQmI5uRFW1RJao5BHn/7+0oWC/GuB52luyjshm283Gif5EksQvx/XBhlp7JPgcibhJuh6Upw==\n",
            "public_key_pem": "-----BEGIN PUBLIC KEY-----\nMIICIjANBgkqhkiG9w0BAQEFAAOCAg8AMIICCgKCAgEAoolVrqsy6nrs2zsLqYuj\nqQGyF8Yzp36dXfqWte0R6lTN8uzTiiM5ErGZxD1zZGVqc1TRdLYofeVhK8sMGwit\nwUtLsxRi/M/ph21CYWhzF+FC+pL3QGVRwo6xRB/5imhT/B1Kpr6WGdLc/fBGYlB7\nDJxyuQiGp2dtabELXjB01GacDfK2dGFIIz4GUc61LNmN7xLRWT86EL4EdnxcWJGx\nj1+3BBVDHyof3I6cAk8QG66D3CZ0NmSTU59O4QabizWcUGZcdxMS83ODjWpTF5Tg\nlGJPctCD5CsNgPGpc6jz4DfhR2hRFKx0Wi3IIJFH8sXAP6SIwseY4WrctOZLn/EA\nEYg6F23eMfR7kGjlA7zh1m0dWUGSOpDp/GAf/eQydagbD5flXFW15KmL9S7K+nJN\nWvP8OFvztSabR9M+IJsCpVIHUjOlcXQWbLDTk4zzVW8SmtD3cUE0bz71twYq83ST\nM1ttRyfob+Toj7MBF6yDqSHCq3O1RTeRDo5BUa48wixfa+RHxiPCLhNwvMyV+Pld\nW/eeM/DIZJ/Qx5SVQ0PVdG6OG2rYAXPSsmZW7hQwXFWMcdnqil8oH7RAdaFPwkIk\nSrkisKOATcPFuRHSUJiObkRVtUSWqOQR5/+/tKFgvxrgedpbso7IZtvNxon+RJLE\nL8f1wYZaeyT4HIm4SboelKcCAwEAAQ==\n-----END PUBLIC KEY-----\n",
            "rsa_bits": 4096
          },
          "sensitive_attributes": [
            [
              {
                "type": "get_attr",
                "value": "private_key_openssh"
              }
            ],
            [
              {
                "type": "get_attr",
                "value": "private_key_pem"
              }
            ],
            [
              {
                "type": "get_attr",
                "value": "private_key_pem_pkcs8"
              }
            ]
          ],
          "identity_schema_version": 0
        }
      ]
    }
  ],
  "check_results": null
}
